// !$*UTF8*$!
{
	archiveVersion = 1;
	classes = {
	};
	objectVersion = 50;
	objects = {

/* Begin PBXBuildFile section */
		F8498C4C243A307E00859445 /* CollectionViewCell.swift in Sources */ = {isa = PBXBuildFile; fileRef = F8498C4B243A307E00859445 /* CollectionViewCell.swift */; };
		F8498C93243CB8B900859445 /* photoViewController.swift in Sources */ = {isa = PBXBuildFile; fileRef = F8498C92243CB8B900859445 /* photoViewController.swift */; };
		F859230B2434CC9C00EC7A32 /* AppDelegate.swift in Sources */ = {isa = PBXBuildFile; fileRef = F859230A2434CC9C00EC7A32 /* AppDelegate.swift */; };
		F859230D2434CC9C00EC7A32 /* SceneDelegate.swift in Sources */ = {isa = PBXBuildFile; fileRef = F859230C2434CC9C00EC7A32 /* SceneDelegate.swift */; };
		F859230F2434CC9C00EC7A32 /* ViewController.swift in Sources */ = {isa = PBXBuildFile; fileRef = F859230E2434CC9C00EC7A32 /* ViewController.swift */; };
		F85923122434CC9C00EC7A32 /* Main.storyboard in Resources */ = {isa = PBXBuildFile; fileRef = F85923102434CC9C00EC7A32 /* Main.storyboard */; };
		F85923142434CCA000EC7A32 /* Assets.xcassets in Resources */ = {isa = PBXBuildFile; fileRef = F85923132434CCA000EC7A32 /* Assets.xcassets */; };
		F85923172434CCA000EC7A32 /* LaunchScreen.storyboard in Resources */ = {isa = PBXBuildFile; fileRef = F85923152434CCA000EC7A32 /* LaunchScreen.storyboard */; };
		F859231F2434CD4400EC7A32 /* photoCollectionViewController.swift in Sources */ = {isa = PBXBuildFile; fileRef = F859231E2434CD4400EC7A32 /* photoCollectionViewController.swift */; };
/* End PBXBuildFile section */

/* Begin PBXFileReference section */
		F8498C4B243A307E00859445 /* CollectionViewCell.swift */ = {isa = PBXFileReference; lastKnownFileType = sourcecode.swift; path = CollectionViewCell.swift; sourceTree = "<group>"; };
		F8498C92243CB8B900859445 /* photoViewController.swift */ = {isa = PBXFileReference; lastKnownFileType = sourcecode.swift; path = photoViewController.swift; sourceTree = "<group>"; };
		F85923072434CC9C00EC7A32 /* photo wall.app */ = {isa = PBXFileReference; explicitFileType = wrapper.application; includeInIndex = 0; path = "photo wall.app"; sourceTree = BUILT_PRODUCTS_DIR; };
		F859230A2434CC9C00EC7A32 /* AppDelegate.swift */ = {isa = PBXFileReference; lastKnownFileType = sourcecode.swift; path = AppDelegate.swift; sourceTree = "<group>"; };
		F859230C2434CC9C00EC7A32 /* SceneDelegate.swift */ = {isa = PBXFileReference; lastKnownFileType = sourcecode.swift; path = SceneDelegate.swift; sourceTree = "<group>"; };
		F859230E2434CC9C00EC7A32 /* ViewController.swift */ = {isa = PBXFileReference; lastKnownFileType = sourcecode.swift; path = ViewController.swift; sourceTree = "<group>"; };
		F85923112434CC9C00EC7A32 /* Base */ = {isa = PBXFileReference; lastKnownFileType = file.storyboard; name = Base; path = Base.lproj/Main.storyboard; sourceTree = "<group>"; };
		F85923132434CCA000EC7A32 /* Assets.xcassets */ = {isa = PBXFileReference; lastKnownFileType = folder.assetcatalog; path = Assets.xcassets; sourceTree = "<group>"; };
		F85923162434CCA000EC7A32 /* Base */ = {isa = PBXFileReference; lastKnownFileType = file.storyboard; name = Base; path = Base.lproj/LaunchScreen.storyboard; sourceTree = "<group>"; };
		F85923182434CCA000EC7A32 /* Info.plist */ = {isa = PBXFileReference; lastKnownFileType = text.plist.xml; path = Info.plist; sourceTree = "<group>"; };
		F859231E2434CD4400EC7A32 /* photoCollectionViewController.swift */ = {isa = PBXFileReference; lastKnownFileType = sourcecode.swift; path = photoCollectionViewController.swift; sourceTree = "<group>"; };
/* End PBXFileReference section */

/* Begin PBXFrameworksBuildPhase section */
		F85923042434CC9C00EC7A32 /* Frameworks */ = {
			isa = PBXFrameworksBuildPhase;
			buildActionMask = 2147483647;
			files = (
			);
			runOnlyForDeploymentPostprocessing = 0;
		};
/* End PBXFrameworksBuildPhase section */

/* Begin PBXGroup section */
		F85922FE2434CC9C00EC7A32 = {
			isa = PBXGroup;
			children = (
				F85923092434CC9C00EC7A32 /* photo wall */,
				F85923082434CC9C00EC7A32 /* Products */,
			);
			sourceTree = "<group>";
		};
		F85923082434CC9C00EC7A32 /* Products */ = {
			isa = PBXGroup;
			children = (
				F85923072434CC9C00EC7A32 /* photo wall.app */,
			);
			name = Products;
			sourceTree = "<group>";
		};
		F85923092434CC9C00EC7A32 /* photo wall */ = {
			isa = PBXGroup;
			children = (
				F859230A2434CC9C00EC7A32 /* AppDelegate.swift */,
				F859230C2434CC9C00EC7A32 /* SceneDelegate.swift */,
				F859230E2434CC9C00EC7A32 /* ViewController.swift */,
				F85923102434CC9C00EC7A32 /* Main.storyboard */,
				F85923132434CCA000EC7A32 /* Assets.xcassets */,
				F85923152434CCA000EC7A32 /* LaunchScreen.storyboard */,
				F85923182434CCA000EC7A32 /* Info.plist */,
				F859231E2434CD4400EC7A32 /* photoCollectionViewController.swift */,
				F8498C4B243A307E00859445 /* CollectionViewCell.swift */,
				F8498C92243CB8B900859445 /* photoViewController.swift */,
			);
			path = "photo wall";
			sourceTree = "<group>";
		};
/* End PBXGroup section */

/* Begin PBXNativeTarget section */
		F85923062434CC9C00EC7A32 /* photo wall */ = {
			isa = PBXNativeTarget;
			buildConfigurationList = F859231B2434CCA000EC7A32 /* Build configuration list for PBXNativeTarget "photo wall" */;
			buildPhases = (
				F85923032434CC9C00EC7A32 /* Sources */,
				F85923042434CC9C00EC7A32 /* Frameworks */,
				F85923052434CC9C00EC7A32 /* Resources */,
			);
			buildRules = (
			);
			dependencies = (
			);
			name = "photo wall";
			productName = "photo wall";
			productReference = F85923072434CC9C00EC7A32 /* photo wall.app */;
			productType = "com.apple.product-type.application";
		};
/* End PBXNativeTarget section */

/* Begin PBXProject section */
		F85922FF2434CC9C00EC7A32 /* Project object */ = {
			isa = PBXProject;
			attributes = {
				LastSwiftUpdateCheck = 1130;
				LastUpgradeCheck = 1130;
				ORGANIZATIONNAME = star;
				TargetAttributes = {
					F85923062434CC9C00EC7A32 = {
						CreatedOnToolsVersion = 11.3.1;
					};
				};
			};
			buildConfigurationList = F85923022434CC9C00EC7A32 /* Build configuration list for PBXProject "photo wall" */;
			compatibilityVersion = "Xcode 9.3";
			developmentRegion = en;
			hasScannedForEncodings = 0;
			knownRegions = (
				en,
				Base,
			);
			mainGroup = F85922FE2434CC9C00EC7A32;
			productRefGroup = F85923082434CC9C00EC7A32 /* Products */;
			projectDirPath = "";
			projectRoot = "";
			targets = (
				F85923062434CC9C00EC7A32 /* photo wall */,
			);
		};
/* End PBXProject section */

/* Begin PBXResourcesBuildPhase section */
		F85923052434CC9C00EC7A32 /* Resources */ = {
			isa = PBXResourcesBuildPhase;
			buildActionMask = 2147483647;
			files = (
				F85923172434CCA000EC7A32 /* LaunchScreen.storyboard in Resources */,
				F85923142434CCA000EC7A32 /* Assets.xcassets in Resources */,
				F85923122434CC9C00EC7A32 /* Main.storyboard in Resources */,
			);
			runOnlyForDeploymentPostprocessing = 0;
		};
/* End PBXResourcesBuildPhase section */

/* Begin PBXSourcesBuildPhase section */
		F85923032434CC9C00EC7A32 /* Sources */ = {
			isa = PBXSourcesBuildPhase;
			buildActionMask = 2147483647;
			files = (
				F8498C4C243A307E00859445 /* CollectionViewCell.swift in Sources */,
				F8498C93243CB8B900859445 /* photoViewController.swift in Sources */,
				F859230F2434CC9C00EC7A32 /* ViewController.swift in Sources */,
				F859230B2434CC9C00EC7A32 /* AppDelegate.swift in Sources */,
				F859230D2434CC9C00EC7A32 /* SceneDelegate.swift in Sources */,
				F859231F2434CD4400EC7A32 /* photoCollectionViewController.swift in Sources */,
			);
			runOnlyForDeploymentPostprocessing = 0;
		};
/* End PBXSourcesBuildPhase section */

/* Begin PBXVariantGroup section */
		F85923102434CC9C00EC7A32 /* Main.storyboard */ = {
			isa = PBXVariantGroup;
			children = (
				F85923112434CC9C00EC7A32 /* Base */,
			);
			name = Main.storyboard;
			sourceTree = "<group>";
		};
		F85923152434CCA000EC7A32 /* LaunchScreen.storyboard */ = {
			isa = PBXVariantGroup;
			children = (
				F85923162434CCA000EC7A32 /* Base */,
			);
			name = LaunchScreen.storyboard;
			sourceTree = "<group>";
		};
/* End PBXVariantGroup section */

/* Begin XCBuildConfiguration section */
		F85923192434CCA000EC7A32 /* Debug */ = {
			isa = XCBuildConfiguration;
			buildSettings = {
				ALWAYS_SEARCH_USER_PATHS = NO;
				CLANG_ANALYZER_NONNULL = YES;
				CLANG_ANALYZER_NUMBER_OBJECT_CONVERSION = YES_AGGRESSIVE;
				CLANG_CXX_LANGUAGE_STANDARD = "gnu++14";
				CLANG_CXX_LIBRARY = "libc++";
				CLANG_ENABLE_MODULES = YES;
				CLANG_ENABLE_OBJC_ARC = YES;
				CLANG_ENABLE_OBJC_WEAK = YES;
				CLANG_WARN_BLOCK_CAPTURE_AUTORELEASING = YES;
				CLANG_WARN_BOOL_CONVERSION = YES;
				CLANG_WARN_COMMA = YES;
				CLANG_WARN_CONSTANT_CONVERSION = YES;
				CLANG_WARN_DEPRECATED_OBJC_IMPLEMENTATIONS = YES;
				CLANG_WARN_DIRECT_OBJC_ISA_USAGE = YES_ERROR;
				CLANG_WARN_DOCUMENTATION_COMMENTS = YES;
				CLANG_WARN_EMPTY_BODY = YES;
				CLANG_WARN_ENUM_CONVERSION = YES;
				CLANG_WARN_INFINITE_RECURSION = YES;
				CLANG_WARN_INT_CONVERSION = YES;
				CLANG_WARN_NON_LITERAL_NULL_CONVERSION = YES;
				CLANG_WARN_OBJC_IMPLICIT_RETAIN_SELF = YES;
				CLANG_WARN_OBJC_LITERAL_CONVERSION = YES;
				CLANG_WARN_OBJC_ROOT_CLASS = YES_ERROR;
				CLANG_WARN_RANGE_LOOP_ANALYSIS = YES;
				CLANG_WARN_STRICT_PROTOTYPES = YES;
				CLANG_WARN_SUSPICIOUS_MOVE = YES;
				CLANG_WARN_UNGUARDED_AVAILABILITY = YES_AGGRESSIVE;
				CLANG_WARN_UNREACHABLE_CODE = YES;
				CLANG_WARN__DUPLICATE_METHOD_MATCH = YES;
				COPY_PHASE_STRIP = NO;
				DEBUG_INFORMATION_FORMAT = dwarf;
				ENABLE_STRICT_OBJC_MSGSEND = YES;
				ENABLE_TESTABILITY = YES;
				GCC_C_LANGUAGE_STANDARD = gnu11;
				GCC_DYNAMIC_NO_PIC = NO;
				GCC_NO_COMMON_BLOCKS = YES;
				GCC_OPTIMIZATION_LEVEL = 0;
				GCC_PREPROCESSOR_DEFINITIONS = (
					"DEBUG=1",
					"$(inherited)",
				);
				GCC_WARN_64_TO_32_BIT_CONVERSION = YES;
				GCC_WARN_ABOUT_RETURN_TYPE = YES_ERROR;
				GCC_WARN_UNDECLARED_SELECTOR = YES;
				GCC_WARN_UNINITIALIZED_AUTOS = YES_AGGRESSIVE;
				GCC_WARN_UNUSED_FUNCTION = YES;
				GCC_WARN_UNUSED_VARIABLE = YES;
				IPHONEOS_DEPLOYMENT_TARGET = 13.2;
				MTL_ENABLE_DEBUG_INFO = INCLUDE_SOURCE;
				MTL_FAST_MATH = YES;
				ONLY_ACTIVE_ARCH = YES;
				SDKROOT = iphoneos;
				SWIFT_ACTIVE_COMPILATION_CONDITIONS = DEBUG;
				SWIFT_OPTIMIZATION_LEVEL = "-Onone";
			};
			name = Debug;
		};
		F859231A2434CCA000EC7A32 /* Release */ = {
			isa = XCBuildConfiguration;
			buildSettings = {
				ALWAYS_SEARCH_USER_PATHS = NO;
				CLANG_ANALYZER_NONNULL = YES;
				CLANG_ANALYZER_NUMBER_OBJECT_CONVERSION = YES_AGGRESSIVE;
				CLANG_CXX_LANGUAGE_STANDARD = "gnu++14";
				CLANG_CXX_LIBRARY = "libc++";
				CLANG_ENABLE_MODULES = YES;
				CLANG_ENABLE_OBJC_ARC = YES;
				CLANG_ENABLE_OBJC_WEAK = YES;
				CLANG_WARN_BLOCK_CAPTURE_AUTORELEASING = YES;
				CLANG_WARN_BOOL_CONVERSION = YES;
				CLANG_WARN_COMMA = YES;
				CLANG_WARN_CONSTANT_CONVERSION = YES;
				CLANG_WARN_DEPRECATED_OBJC_IMPLEMENTATIONS = YES;
				CLANG_WARN_DIRECT_OBJC_ISA_USAGE = YES_ERROR;
				CLANG_WARN_DOCUMENTATION_COMMENTS = YES;
				CLANG_WARN_EMPTY_BODY = YES;
				CLANG_WARN_ENUM_CONVERSION = YES;
				CLANG_WARN_INFINITE_RECURSION = YES;
				CLANG_WARN_INT_CONVERSION = YES;
				CLANG_WARN_NON_LITERAL_NULL_CONVERSION = YES;
				CLANG_WARN_OBJC_IMPLICIT_RETAIN_SELF = YES;
				CLANG_WARN_OBJC_LITERAL_CONVERSION = YES;
				CLANG_WARN_OBJC_ROOT_CLASS = YES_ERROR;
				CLANG_WARN_RANGE_LOOP_ANALYSIS = YES;
				CLANG_WARN_STRICT_PROTOTYPES = YES;
				CLANG_WARN_SUSPICIOUS_MOVE = YES;
				CLANG_WARN_UNGUARDED_AVAILABILITY = YES_AGGRESSIVE;
				CLANG_WARN_UNREACHABLE_CODE = YES;
				CLANG_WARN__DUPLICATE_METHOD_MATCH = YES;
				COPY_PHASE_STRIP = NO;
				DEBUG_INFORMATION_FORMAT = "dwarf-with-dsym";
				ENABLE_NS_ASSERTIONS = NO;
				ENABLE_STRICT_OBJC_MSGSEND = YES;
				GCC_C_LANGUAGE_STANDARD = gnu11;
				GCC_NO_COMMON_BLOCKS = YES;
				GCC_WARN_64_TO_32_BIT_CONVERSION = YES;
				GCC_WARN_ABOUT_RETURN_TYPE = YES_ERROR;
				GCC_WARN_UNDECLARED_SELECTOR = YES;
				GCC_WARN_UNINITIALIZED_AUTOS = YES_AGGRESSIVE;
				GCC_WARN_UNUSED_FUNCTION = YES;
				GCC_WARN_UNUSED_VARIABLE = YES;
				IPHONEOS_DEPLOYMENT_TARGET = 13.2;
				MTL_ENABLE_DEBUG_INFO = NO;
				MTL_FAST_MATH = YES;
				SDKROOT = iphoneos;
				SWIFT_COMPILATION_MODE = wholemodule;
				SWIFT_OPTIMIZATION_LEVEL = "-O";
				VALIDATE_PRODUCT = YES;
			};
			name = Release;
		};
		F859231C2434CCA000EC7A32 /* Debug */ = {
			isa = XCBuildConfiguration;
			buildSettings = {
				ASSETCATALOG_COMPILER_APPICON_NAME = AppIcon;
				CODE_SIGN_STYLE = Automatic;
				DEVELOPMENT_TEAM = 2TX477DJ7L;
				INFOPLIST_FILE = "photo wall/Info.plist";
				LD_RUNPATH_SEARCH_PATHS = (
					"$(inherited)",
					"@executable_path/Frameworks",
				);
				PRODUCT_BUNDLE_IDENTIFIER = "com.star.photo-wall";
				PRODUCT_NAME = "$(TARGET_NAME)";
				SWIFT_VERSION = 5.0;
				TARGETED_DEVICE_FAMILY = "1,2";
			};
			name = Debug;
		};
		F859231D2434CCA000EC7A32 /* Release */ = {
			isa = XCBuildConfiguration;
			buildSettings = {
				ASSETCATALOG_COMPILER_APPICON_NAME = AppIcon;
				CODE_SIGN_STYLE = Automatic;
				DEVELOPMENT_TEAM = 2TX477DJ7L;
				INFOPLIST_FILE = "photo wall/Info.plist";
				LD_RUNPATH_SEARCH_PATHS = (
					"$(inherited)",
					"@executable_path/Frameworks",
				);
				PRODUCT_BUNDLE_IDENTIFIER = "com.star.photo-wall";
				PRODUCT_NAME = "$(TARGET_NAME)";
				SWIFT_VERSION = 5.0;
				TARGETED_DEVICE_FAMILY = "1,2";
			};
			name = Release;
		};
/* End XCBuildConfiguration section */

/* Begin XCConfigurationList section */
		F85923022434CC9C00EC7A32 /* Build configuration list for PBXProject "photo wall" */ = {
			isa = XCConfigurationList;
			buildConfigurations = (
				F85923192434CCA000EC7A32 /* Debug */,
				F859231A2434CCA000EC7A32 /* Release */,
			);
			defaultConfigurationIsVisible = 0;
			defaultConfigurationName = Release;
		};
		F859231B2434CCA000EC7A32 /* Build configuration list for PBXNativeTarget "photo wall" */ = {
			isa = XCConfigurationList;
			buildConfigurations = (
				F859231C2434CCA000EC7A32 /* Debug */,
				F859231D2434CCA000EC7A32 /* Release */,
			);
			defaultConfigurationIsVisible = 0;
			defaultConfigurationName = Release;
		};
/* End XCConfigurationList section */
	};
	rootObject = F85922FF2434CC9C00EC7A32 /* Project object */;
}
